
Microsoft Visual Studio Solution File, Format Version 12.00
# Visual Studio Version 17
VisualStudioVersion = 17.12.35527.113
MinimumVisualStudioVersion = 10.0.40219.1
Project("{FAE04EC0-301F-11D3-BF4B-00C04F79EFBC}") = "DVLD_PresentationLayer", "DVLD_PresentationLayer.csproj", "{E1EE9659-21F1-483C-8B98-29BCB3D16391}"
EndProject
Project("{FAE04EC0-301F-11D3-BF4B-00C04F79EFBC}") = "DVLD_DataAccessLayer", "..\DVLD_DataAccessLayer\DVLD_DataAccessLayer.csproj", "{34233743-DC2B-4200-A273-AA26670537E8}"
EndProject
Project("{FAE04EC0-301F-11D3-BF4B-00C04F79EFBC}") = "DVLD_BusinessLayer", "..\DVLD_BusinessLayer\DVLD_BusinessLayer.csproj", "{17E3C8CE-A0BD-40E1-B451-773E10868ECA}"
EndProject
Global
	GlobalSection(SolutionConfigurationPlatforms) = preSolution
		Debug|Any CPU = Debug|Any CPU
		Release|Any CPU = Release|Any CPU
	EndGlobalSection
	GlobalSection(ProjectConfigurationPlatforms) = postSolution
		{E1EE9659-21F1-483C-8B98-29BCB3D16391}.Debug|Any CPU.ActiveCfg = Debug|Any CPU
		{E1EE9659-21F1-483C-8B98-29BCB3D16391}.Debug|Any CPU.Build.0 = Debug|Any CPU
		{E1EE9659-21F1-483C-8B98-29BCB3D16391}.Release|Any CPU.ActiveCfg = Release|Any CPU
		{E1EE9659-21F1-483C-8B98-29BCB3D16391}.Release|Any CPU.Build.0 = Release|Any CPU
		{34233743-DC2B-4200-A273-AA26670537E8}.Debug|Any CPU.ActiveCfg = Debug|Any CPU
		{34233743-DC2B-4200-A273-AA26670537E8}.Debug|Any CPU.Build.0 = Debug|Any CPU
		{34233743-DC2B-4200-A273-AA26670537E8}.Release|Any CPU.ActiveCfg = Release|Any CPU
		{34233743-DC2B-4200-A273-AA26670537E8}.Release|Any CPU.Build.0 = Release|Any CPU
		{17E3C8CE-A0BD-40E1-B451-773E10868ECA}.Debug|Any CPU.ActiveCfg = Debug|Any CPU
		{17E3C8CE-A0BD-40E1-B451-773E10868ECA}.Debug|Any CPU.Build.0 = Debug|Any CPU
		{17E3C8CE-A0BD-40E1-B451-773E10868ECA}.Release|Any CPU.ActiveCfg = Release|Any CPU
		{17E3C8CE-A0BD-40E1-B451-773E10868ECA}.Release|Any CPU.Build.0 = Release|Any CPU
	EndGlobalSection
	GlobalSection(SolutionProperties) = preSolution
		HideSolutionNode = FALSE
	EndGlobalSection
EndGlobal
